
Microsoft Visual Studio Solution File, Format Version 12.00
# Visual Studio Version 17
VisualStudioVersion = 17.3.32825.248
MinimumVisualStudioVersion = 10.0.40219.1
Project("{FAE04EC0-301F-11D3-BF4B-00C04F79EFBC}") = "BookStoreApp.API", "BookStoreApp.API\BookStoreApp.API.csproj", "{0441E9CB-4A68-4B20-AE42-5EEEEB6BF614}"
EndProject
Global
	GlobalSection(SolutionConfigurationPlatforms) = preSolution
		Debug|Any CPU = Debug|Any CPU
		Release|Any CPU = Release|Any CPU
	EndGlobalSection
	GlobalSection(ProjectConfigurationPlatforms) = postSolution
		{0441E9CB-4A68-4B20-AE42-5EEEEB6BF614}.Debug|Any CPU.ActiveCfg = Debug|Any CPU
		{0441E9CB-4A68-4B20-AE42-5EEEEB6BF614}.Debug|Any CPU.Build.0 = Debug|Any CPU
		{0441E9CB-4A68-4B20-AE42-5EEEEB6BF614}.Release|Any CPU.ActiveCfg = Release|Any CPU
		{0441E9CB-4A68-4B20-AE42-5EEEEB6BF614}.Release|Any CPU.Build.0 = Release|Any CPU
	EndGlobalSection
	GlobalSection(SolutionProperties) = preSolution
		HideSolutionNode = FALSE
	EndGlobalSection
	GlobalSection(ExtensibilityGlobals) = postSolution
		SolutionGuid = {AF1893A3-42CA-4BC6-9E34-3A690331B3D0}
	EndGlobalSection
EndGlobal
